
Microsoft Visual Studio Solution File, Format Version 12.00
# Visual Studio Version 16
VisualStudioVersion = 16.0.31729.503
MinimumVisualStudioVersion = 10.0.40219.1
Project("{9A19103F-16F7-4668-BE54-9A1E7A4F7556}") = "BlazorApp.Server", "BlazorApp\Server\BlazorApp.Server.csproj", "{10813094-27A5-47D4-A82B-E2214A11971B}"
EndProject
Project("{9A19103F-16F7-4668-BE54-9A1E7A4F7556}") = "BlazorApp.Client", "BlazorApp\Client\BlazorApp.Client.csproj", "{4A294E60-AD8C-45C7-8515-0540BF3D0703}"
EndProject
Project("{9A19103F-16F7-4668-BE54-9A1E7A4F7556}") = "BlazorApp.Shared", "BlazorApp\Shared\BlazorApp.Shared.csproj", "{F25E3F63-382A-4394-B884-9DB977A3C718}"
EndProject
Global
	GlobalSection(SolutionConfigurationPlatforms) = preSolution
		Debug|Any CPU = Debug|Any CPU
		Release|Any CPU = Release|Any CPU
	EndGlobalSection
	GlobalSection(ProjectConfigurationPlatforms) = postSolution
		{10813094-27A5-47D4-A82B-E2214A11971B}.Debug|Any CPU.ActiveCfg = Debug|Any CPU
		{10813094-27A5-47D4-A82B-E2214A11971B}.Debug|Any CPU.Build.0 = Debug|Any CPU
		{10813094-27A5-47D4-A82B-E2214A11971B}.Release|Any CPU.ActiveCfg = Release|Any CPU
		{10813094-27A5-47D4-A82B-E2214A11971B}.Release|Any CPU.Build.0 = Release|Any CPU
		{4A294E60-AD8C-45C7-8515-0540BF3D0703}.Debug|Any CPU.ActiveCfg = Debug|Any CPU
		{4A294E60-AD8C-45C7-8515-0540BF3D0703}.Debug|Any CPU.Build.0 = Debug|Any CPU
		{4A294E60-AD8C-45C7-8515-0540BF3D0703}.Release|Any CPU.ActiveCfg = Release|Any CPU
		{4A294E60-AD8C-45C7-8515-0540BF3D0703}.Release|Any CPU.Build.0 = Release|Any CPU
		{F25E3F63-382A-4394-B884-9DB977A3C718}.Debug|Any CPU.ActiveCfg = Debug|Any CPU
		{F25E3F63-382A-4394-B884-9DB977A3C718}.Debug|Any CPU.Build.0 = Debug|Any CPU
		{F25E3F63-382A-4394-B884-9DB977A3C718}.Release|Any CPU.ActiveCfg = Release|Any CPU
		{F25E3F63-382A-4394-B884-9DB977A3C718}.Release|Any CPU.Build.0 = Release|Any CPU
	EndGlobalSection
	GlobalSection(SolutionProperties) = preSolution
		HideSolutionNode = FALSE
	EndGlobalSection
	GlobalSection(ExtensibilityGlobals) = postSolution
		SolutionGuid = {60558628-166A-4156-B8DC-D322027B3AA5}
	EndGlobalSection
EndGlobal
